<Solution>
  <Project Path="AdapterPattern/AdapterPattern.csproj" />
  <Project Path="BuilderPattern/BuilderPattern.csproj" />
  <Project Path="Domain/Domain.csproj" />
  <Project Path="LeQuocViet/LeQuocViet.csproj" Id="35f95227-f417-4932-a2ba-9a4f97f9b923" />
  <Project Path="Repositories/Repositories.csproj" />
  <Project Path="Services/Services.csproj" />
  <Project Path="SportBicycleStore/SportBicycleStore.csproj" Id="352187fb-8515-43ea-b229-f58116066a2e" />
</Solution>
